
Microsoft Visual Studio Solution File, Format Version 12.00
# Visual Studio Version 17
VisualStudioVersion = 17.0.32014.148
MinimumVisualStudioVersion = 10.0.40219.1
Project("{9A19103F-16F7-4668-BE54-9A1E7A4F7556}") = "Wpf.Extensions.Hosting", "Wpf.Extensions.Hosting\Wpf.Extensions.Hosting.csproj", "{A0124E0A-C565-4978-AE95-A6C5032C8C40}"
EndProject
Project("{9A19103F-16F7-4668-BE54-9A1E7A4F7556}") = "SampleApp", "SampleApp\SampleApp.csproj", "{D8179148-1AB8-4495-844D-F65C62D22B3C}"
EndProject
Project("{9A19103F-16F7-4668-BE54-9A1E7A4F7556}") = "SampleAppWithStartupUri", "SampleAppWithStartupUri\SampleAppWithStartupUri.csproj", "{2AAE1D4D-AC5C-4491-92DF-AA12CF7A3196}"
EndProject
Global
	GlobalSection(SolutionConfigurationPlatforms) = preSolution
		Debug|Any CPU = Debug|Any CPU
		Release|Any CPU = Release|Any CPU
	EndGlobalSection
	GlobalSection(ProjectConfigurationPlatforms) = postSolution
		{A0124E0A-C565-4978-AE95-A6C5032C8C40}.Debug|Any CPU.ActiveCfg = Debug|Any CPU
		{A0124E0A-C565-4978-AE95-A6C5032C8C40}.Debug|Any CPU.Build.0 = Debug|Any CPU
		{A0124E0A-C565-4978-AE95-A6C5032C8C40}.Release|Any CPU.ActiveCfg = Release|Any CPU
		{A0124E0A-C565-4978-AE95-A6C5032C8C40}.Release|Any CPU.Build.0 = Release|Any CPU
		{D8179148-1AB8-4495-844D-F65C62D22B3C}.Debug|Any CPU.ActiveCfg = Debug|Any CPU
		{D8179148-1AB8-4495-844D-F65C62D22B3C}.Debug|Any CPU.Build.0 = Debug|Any CPU
		{D8179148-1AB8-4495-844D-F65C62D22B3C}.Release|Any CPU.ActiveCfg = Release|Any CPU
		{D8179148-1AB8-4495-844D-F65C62D22B3C}.Release|Any CPU.Build.0 = Release|Any CPU
		{2AAE1D4D-AC5C-4491-92DF-AA12CF7A3196}.Debug|Any CPU.ActiveCfg = Debug|Any CPU
		{2AAE1D4D-AC5C-4491-92DF-AA12CF7A3196}.Debug|Any CPU.Build.0 = Debug|Any CPU
		{2AAE1D4D-AC5C-4491-92DF-AA12CF7A3196}.Release|Any CPU.ActiveCfg = Release|Any CPU
		{2AAE1D4D-AC5C-4491-92DF-AA12CF7A3196}.Release|Any CPU.Build.0 = Release|Any CPU
	EndGlobalSection
	GlobalSection(SolutionProperties) = preSolution
		HideSolutionNode = FALSE
	EndGlobalSection
	GlobalSection(ExtensibilityGlobals) = postSolution
		SolutionGuid = {C3D73BF1-20A1-4E06-B318-1FD5DA1B9243}
	EndGlobalSection
EndGlobal
